
Microsoft Visual Studio Solution File, Format Version 12.00
# Visual Studio 2012
Project("{FAE04EC0-301F-11D3-BF4B-00C04F79EFBC}") = "BookWriter", "BookWriter\BookWriter.csproj", "{DFB8C42D-FB79-4897-8F29-6397E4D2B62E}"
EndProject
Global
	GlobalSection(SolutionConfigurationPlatforms) = preSolution
		Debug|x64 = Debug|x64
		Release|x64 = Release|x64
	EndGlobalSection
	GlobalSection(ProjectConfigurationPlatforms) = postSolution
		{DFB8C42D-FB79-4897-8F29-6397E4D2B62E}.Debug|x64.ActiveCfg = Debug|x64
		{DFB8C42D-FB79-4897-8F29-6397E4D2B62E}.Debug|x64.Build.0 = Debug|x64
		{DFB8C42D-FB79-4897-8F29-6397E4D2B62E}.Release|x64.ActiveCfg = Debug|x64
		{DFB8C42D-FB79-4897-8F29-6397E4D2B62E}.Release|x64.Build.0 = Debug|x64
	EndGlobalSection
	GlobalSection(SolutionProperties) = preSolution
		HideSolutionNode = FALSE
	EndGlobalSection
EndGlobal
