
Microsoft Visual Studio Solution File, Format Version 12.00
# Visual Studio 15
VisualStudioVersion = 15.0.27703.2018
MinimumVisualStudioVersion = 10.0.40219.1
Project("{FAE04EC0-301F-11D3-BF4B-00C04F79EFBC}") = "Book", "Book.csproj", "{5E5048E6-FFED-45D8-9F18-BADEAAB468C6}"
EndProject
Project("{FAE04EC0-301F-11D3-BF4B-00C04F79EFBC}") = "TestFlip", "..\TestFlip\TestFlip.csproj", "{F23F7A2C-164A-47F5-8A3B-B2E45C198313}"
EndProject
Global
	GlobalSection(SolutionConfigurationPlatforms) = preSolution
		Debug|Any CPU = Debug|Any CPU
		Release|Any CPU = Release|Any CPU
	EndGlobalSection
	GlobalSection(ProjectConfigurationPlatforms) = postSolution
		{5E5048E6-FFED-45D8-9F18-BADEAAB468C6}.Debug|Any CPU.ActiveCfg = Debug|Any CPU
		{5E5048E6-FFED-45D8-9F18-BADEAAB468C6}.Debug|Any CPU.Build.0 = Debug|Any CPU
		{5E5048E6-FFED-45D8-9F18-BADEAAB468C6}.Release|Any CPU.ActiveCfg = Release|Any CPU
		{5E5048E6-FFED-45D8-9F18-BADEAAB468C6}.Release|Any CPU.Build.0 = Release|Any CPU
		{F23F7A2C-164A-47F5-8A3B-B2E45C198313}.Debug|Any CPU.ActiveCfg = Debug|Any CPU
		{F23F7A2C-164A-47F5-8A3B-B2E45C198313}.Debug|Any CPU.Build.0 = Debug|Any CPU
		{F23F7A2C-164A-47F5-8A3B-B2E45C198313}.Release|Any CPU.ActiveCfg = Release|Any CPU
		{F23F7A2C-164A-47F5-8A3B-B2E45C198313}.Release|Any CPU.Build.0 = Release|Any CPU
	EndGlobalSection
	GlobalSection(SolutionProperties) = preSolution
		HideSolutionNode = FALSE
	EndGlobalSection
	GlobalSection(ExtensibilityGlobals) = postSolution
		SolutionGuid = {CA4B6E42-F4D6-4001-9443-FCAD2195D3CE}
	EndGlobalSection
EndGlobal
