
Microsoft Visual Studio Solution File, Format Version 12.00
# Visual Studio 15
VisualStudioVersion = 15.0.27130.2036
MinimumVisualStudioVersion = 10.0.40219.1
Project("{FAE04EC0-301F-11D3-BF4B-00C04F79EFBC}") = "BookWriter", "BookWriter.csproj", "{DFB8C42D-FB79-4897-8F29-6397E4D2B62E}"
EndProject
Project("{FAE04EC0-301F-11D3-BF4B-00C04F79EFBC}") = "RiddleInterface", "..\RiddleInterface\RiddleInterface.csproj", "{C3D84647-8A04-498C-9B37-A97944BA2ACA}"
EndProject
Global
	GlobalSection(SolutionConfigurationPlatforms) = preSolution
		Debug|Any CPU = Debug|Any CPU
		Release|Any CPU = Release|Any CPU
	EndGlobalSection
	GlobalSection(ProjectConfigurationPlatforms) = postSolution
		{DFB8C42D-FB79-4897-8F29-6397E4D2B62E}.Debug|Any CPU.ActiveCfg = Debug|Any CPU
		{DFB8C42D-FB79-4897-8F29-6397E4D2B62E}.Debug|Any CPU.Build.0 = Debug|Any CPU
		{DFB8C42D-FB79-4897-8F29-6397E4D2B62E}.Release|Any CPU.ActiveCfg = Debug|Any CPU
		{DFB8C42D-FB79-4897-8F29-6397E4D2B62E}.Release|Any CPU.Build.0 = Debug|Any CPU
		{C3D84647-8A04-498C-9B37-A97944BA2ACA}.Debug|Any CPU.ActiveCfg = Debug|Any CPU
		{C3D84647-8A04-498C-9B37-A97944BA2ACA}.Debug|Any CPU.Build.0 = Debug|Any CPU
		{C3D84647-8A04-498C-9B37-A97944BA2ACA}.Release|Any CPU.ActiveCfg = Release|Any CPU
		{C3D84647-8A04-498C-9B37-A97944BA2ACA}.Release|Any CPU.Build.0 = Release|Any CPU
	EndGlobalSection
	GlobalSection(SolutionProperties) = preSolution
		HideSolutionNode = FALSE
	EndGlobalSection
	GlobalSection(ExtensibilityGlobals) = postSolution
		SolutionGuid = {5B6557C7-1C69-4C5C-9666-A11F489BD89D}
	EndGlobalSection
EndGlobal
